// !$*UTF8*$!
{
	archiveVersion = 1;
	classes = {
	};
	objectVersion = 56;
	objects = {

/* Begin PBXBuildFile section */
		289408672A83FFE100396901 /* CustomBackgroundView.swift in Sources */ = {isa = PBXBuildFile; fileRef = 289408662A83FFE100396901 /* CustomBackgroundView.swift */; };
		2894086A2A84010C00396901 /* ColorExtension.swift in Sources */ = {isa = PBXBuildFile; fileRef = 289408692A84010C00396901 /* ColorExtension.swift */; };
		2894086C2A8405AC00396901 /* CustomButtonView.swift in Sources */ = {isa = PBXBuildFile; fileRef = 2894086B2A8405AC00396901 /* CustomButtonView.swift */; };
		2894086E2A840AB700396901 /* GradientButtonStyle.swift in Sources */ = {isa = PBXBuildFile; fileRef = 2894086D2A840AB700396901 /* GradientButtonStyle.swift */; };
		28B1C7332A83F9E7002A6148 /* HikeApp.swift in Sources */ = {isa = PBXBuildFile; fileRef = 28B1C7322A83F9E7002A6148 /* HikeApp.swift */; };
		28B1C7352A83F9E7002A6148 /* ContentView.swift in Sources */ = {isa = PBXBuildFile; fileRef = 28B1C7342A83F9E7002A6148 /* ContentView.swift */; };
		28B1C7372A83F9E9002A6148 /* Assets.xcassets in Resources */ = {isa = PBXBuildFile; fileRef = 28B1C7362A83F9E9002A6148 /* Assets.xcassets */; };
		28B1C73A2A83F9E9002A6148 /* Preview Assets.xcassets in Resources */ = {isa = PBXBuildFile; fileRef = 28B1C7392A83F9E9002A6148 /* Preview Assets.xcassets */; };
		28B1C7422A83FEF4002A6148 /* CardView.swift in Sources */ = {isa = PBXBuildFile; fileRef = 28B1C7412A83FEF4002A6148 /* CardView.swift */; };
		28D3FD892A84125300C2F769 /* CustomCircleView.swift in Sources */ = {isa = PBXBuildFile; fileRef = 28D3FD882A84125300C2F769 /* CustomCircleView.swift */; };
		28D3FD8B2A84220200C2F769 /* MotionAnimartionView.swift in Sources */ = {isa = PBXBuildFile; fileRef = 28D3FD8A2A84220200C2F769 /* MotionAnimartionView.swift */; };
		28D3FD8D2A8427AF00C2F769 /* SettingsView.swift in Sources */ = {isa = PBXBuildFile; fileRef = 28D3FD8C2A8427AF00C2F769 /* SettingsView.swift */; };
		28D3FD8F2A842E1200C2F769 /* CustomListRowView.swift in Sources */ = {isa = PBXBuildFile; fileRef = 28D3FD8E2A842E1200C2F769 /* CustomListRowView.swift */; };
/* End PBXBuildFile section */

/* Begin PBXFileReference section */
		289408662A83FFE100396901 /* CustomBackgroundView.swift */ = {isa = PBXFileReference; lastKnownFileType = sourcecode.swift; path = CustomBackgroundView.swift; sourceTree = "<group>"; };
		289408692A84010C00396901 /* ColorExtension.swift */ = {isa = PBXFileReference; lastKnownFileType = sourcecode.swift; path = ColorExtension.swift; sourceTree = "<group>"; };
		2894086B2A8405AC00396901 /* CustomButtonView.swift */ = {isa = PBXFileReference; lastKnownFileType = sourcecode.swift; path = CustomButtonView.swift; sourceTree = "<group>"; };
		2894086D2A840AB700396901 /* GradientButtonStyle.swift */ = {isa = PBXFileReference; lastKnownFileType = sourcecode.swift; path = GradientButtonStyle.swift; sourceTree = "<group>"; };
		28B1C72F2A83F9E7002A6148 /* Hike.app */ = {isa = PBXFileReference; explicitFileType = wrapper.application; includeInIndex = 0; path = Hike.app; sourceTree = BUILT_PRODUCTS_DIR; };
		28B1C7322A83F9E7002A6148 /* HikeApp.swift */ = {isa = PBXFileReference; lastKnownFileType = sourcecode.swift; path = HikeApp.swift; sourceTree = "<group>"; };
		28B1C7342A83F9E7002A6148 /* ContentView.swift */ = {isa = PBXFileReference; lastKnownFileType = sourcecode.swift; path = ContentView.swift; sourceTree = "<group>"; };
		28B1C7362A83F9E9002A6148 /* Assets.xcassets */ = {isa = PBXFileReference; lastKnownFileType = folder.assetcatalog; path = Assets.xcassets; sourceTree = "<group>"; };
		28B1C7392A83F9E9002A6148 /* Preview Assets.xcassets */ = {isa = PBXFileReference; lastKnownFileType = folder.assetcatalog; path = "Preview Assets.xcassets"; sourceTree = "<group>"; };
		28B1C7412A83FEF4002A6148 /* CardView.swift */ = {isa = PBXFileReference; lastKnownFileType = sourcecode.swift; path = CardView.swift; sourceTree = "<group>"; };
		28D3FD882A84125300C2F769 /* CustomCircleView.swift */ = {isa = PBXFileReference; lastKnownFileType = sourcecode.swift; path = CustomCircleView.swift; sourceTree = "<group>"; };
		28D3FD8A2A84220200C2F769 /* MotionAnimartionView.swift */ = {isa = PBXFileReference; lastKnownFileType = sourcecode.swift; path = MotionAnimartionView.swift; sourceTree = "<group>"; };
		28D3FD8C2A8427AF00C2F769 /* SettingsView.swift */ = {isa = PBXFileReference; lastKnownFileType = sourcecode.swift; path = SettingsView.swift; sourceTree = "<group>"; };
		28D3FD8E2A842E1200C2F769 /* CustomListRowView.swift */ = {isa = PBXFileReference; lastKnownFileType = sourcecode.swift; path = CustomListRowView.swift; sourceTree = "<group>"; };
		28D3FD902A8431C300C2F769 /* Info.plist */ = {isa = PBXFileReference; lastKnownFileType = text.plist; path = Info.plist; sourceTree = "<group>"; };
/* End PBXFileReference section */

/* Begin PBXFrameworksBuildPhase section */
		28B1C72C2A83F9E7002A6148 /* Frameworks */ = {
			isa = PBXFrameworksBuildPhase;
			buildActionMask = 2147483647;
			files = (
			);
			runOnlyForDeploymentPostprocessing = 0;
		};
/* End PBXFrameworksBuildPhase section */

/* Begin PBXGroup section */
		289408682A8400F700396901 /* Utility */ = {
			isa = PBXGroup;
			children = (
				289408692A84010C00396901 /* ColorExtension.swift */,
				2894086D2A840AB700396901 /* GradientButtonStyle.swift */,
			);
			path = Utility;
			sourceTree = "<group>";
		};
		28B1C7262A83F9E7002A6148 = {
			isa = PBXGroup;
			children = (
				28B1C7312A83F9E7002A6148 /* Hike */,
				28B1C7302A83F9E7002A6148 /* Products */,
			);
			sourceTree = "<group>";
		};
		28B1C7302A83F9E7002A6148 /* Products */ = {
			isa = PBXGroup;
			children = (
				28B1C72F2A83F9E7002A6148 /* Hike.app */,
			);
			name = Products;
			sourceTree = "<group>";
		};
		28B1C7312A83F9E7002A6148 /* Hike */ = {
			isa = PBXGroup;
			children = (
				28D3FD902A8431C300C2F769 /* Info.plist */,
				289408682A8400F700396901 /* Utility */,
				28B1C7322A83F9E7002A6148 /* HikeApp.swift */,
				28B1C7402A83FE15002A6148 /* View */,
				28B1C7362A83F9E9002A6148 /* Assets.xcassets */,
				28B1C7382A83F9E9002A6148 /* Preview Content */,
			);
			path = Hike;
			sourceTree = "<group>";
		};
		28B1C7382A83F9E9002A6148 /* Preview Content */ = {
			isa = PBXGroup;
			children = (
				28B1C7392A83F9E9002A6148 /* Preview Assets.xcassets */,
			);
			path = "Preview Content";
			sourceTree = "<group>";
		};
		28B1C7402A83FE15002A6148 /* View */ = {
			isa = PBXGroup;
			children = (
				28B1C7342A83F9E7002A6148 /* ContentView.swift */,
				28B1C7412A83FEF4002A6148 /* CardView.swift */,
				289408662A83FFE100396901 /* CustomBackgroundView.swift */,
				2894086B2A8405AC00396901 /* CustomButtonView.swift */,
				28D3FD882A84125300C2F769 /* CustomCircleView.swift */,
				28D3FD8A2A84220200C2F769 /* MotionAnimartionView.swift */,
				28D3FD8C2A8427AF00C2F769 /* SettingsView.swift */,
				28D3FD8E2A842E1200C2F769 /* CustomListRowView.swift */,
			);
			path = View;
			sourceTree = "<group>";
		};
/* End PBXGroup section */

/* Begin PBXNativeTarget section */
		28B1C72E2A83F9E7002A6148 /* Hike */ = {
			isa = PBXNativeTarget;
			buildConfigurationList = 28B1C73D2A83F9E9002A6148 /* Build configuration list for PBXNativeTarget "Hike" */;
			buildPhases = (
				28B1C72B2A83F9E7002A6148 /* Sources */,
				28B1C72C2A83F9E7002A6148 /* Frameworks */,
				28B1C72D2A83F9E7002A6148 /* Resources */,
			);
			buildRules = (
			);
			dependencies = (
			);
			name = Hike;
			productName = Hike;
			productReference = 28B1C72F2A83F9E7002A6148 /* Hike.app */;
			productType = "com.apple.product-type.application";
		};
/* End PBXNativeTarget section */

/* Begin PBXProject section */
		28B1C7272A83F9E7002A6148 /* Project object */ = {
			isa = PBXProject;
			attributes = {
				BuildIndependentTargetsInParallel = 1;
				LastSwiftUpdateCheck = 1500;
				LastUpgradeCheck = 1500;
				TargetAttributes = {
					28B1C72E2A83F9E7002A6148 = {
						CreatedOnToolsVersion = 15.0;
					};
				};
			};
			buildConfigurationList = 28B1C72A2A83F9E7002A6148 /* Build configuration list for PBXProject "Hike" */;
			compatibilityVersion = "Xcode 14.0";
			developmentRegion = en;
			hasScannedForEncodings = 0;
			knownRegions = (
				en,
				Base,
			);
			mainGroup = 28B1C7262A83F9E7002A6148;
			productRefGroup = 28B1C7302A83F9E7002A6148 /* Products */;
			projectDirPath = "";
			projectRoot = "";
			targets = (
				28B1C72E2A83F9E7002A6148 /* Hike */,
			);
		};
/* End PBXProject section */

/* Begin PBXResourcesBuildPhase section */
		28B1C72D2A83F9E7002A6148 /* Resources */ = {
			isa = PBXResourcesBuildPhase;
			buildActionMask = 2147483647;
			files = (
				28B1C73A2A83F9E9002A6148 /* Preview Assets.xcassets in Resources */,
				28B1C7372A83F9E9002A6148 /* Assets.xcassets in Resources */,
			);
			runOnlyForDeploymentPostprocessing = 0;
		};
/* End PBXResourcesBuildPhase section */

/* Begin PBXSourcesBuildPhase section */
		28B1C72B2A83F9E7002A6148 /* Sources */ = {
			isa = PBXSourcesBuildPhase;
			buildActionMask = 2147483647;
			files = (
				28B1C7352A83F9E7002A6148 /* ContentView.swift in Sources */,
				28D3FD892A84125300C2F769 /* CustomCircleView.swift in Sources */,
				28D3FD8F2A842E1200C2F769 /* CustomListRowView.swift in Sources */,
				28D3FD8B2A84220200C2F769 /* MotionAnimartionView.swift in Sources */,
				28B1C7422A83FEF4002A6148 /* CardView.swift in Sources */,
				28B1C7332A83F9E7002A6148 /* HikeApp.swift in Sources */,
				28D3FD8D2A8427AF00C2F769 /* SettingsView.swift in Sources */,
				2894086C2A8405AC00396901 /* CustomButtonView.swift in Sources */,
				2894086E2A840AB700396901 /* GradientButtonStyle.swift in Sources */,
				289408672A83FFE100396901 /* CustomBackgroundView.swift in Sources */,
				2894086A2A84010C00396901 /* ColorExtension.swift in Sources */,
			);
			runOnlyForDeploymentPostprocessing = 0;
		};
/* End PBXSourcesBuildPhase section */

/* Begin XCBuildConfiguration section */
		28B1C73B2A83F9E9002A6148 /* Debug */ = {
			isa = XCBuildConfiguration;
			buildSettings = {
				ALWAYS_SEARCH_USER_PATHS = NO;
				ASSETCATALOG_COMPILER_GENERATE_SWIFT_ASSET_SYMBOL_EXTENSIONS = YES;
				CLANG_ANALYZER_NONNULL = YES;
				CLANG_ANALYZER_NUMBER_OBJECT_CONVERSION = YES_AGGRESSIVE;
				CLANG_CXX_LANGUAGE_STANDARD = "gnu++20";
				CLANG_ENABLE_MODULES = YES;
				CLANG_ENABLE_OBJC_ARC = YES;
				CLANG_ENABLE_OBJC_WEAK = YES;
				CLANG_WARN_BLOCK_CAPTURE_AUTORELEASING = YES;
				CLANG_WARN_BOOL_CONVERSION = YES;
				CLANG_WARN_COMMA = YES;
				CLANG_WARN_CONSTANT_CONVERSION = YES;
				CLANG_WARN_DEPRECATED_OBJC_IMPLEMENTATIONS = YES;
				CLANG_WARN_DIRECT_OBJC_ISA_USAGE = YES_ERROR;
				CLANG_WARN_DOCUMENTATION_COMMENTS = YES;
				CLANG_WARN_EMPTY_BODY = YES;
				CLANG_WARN_ENUM_CONVERSION = YES;
				CLANG_WARN_INFINITE_RECURSION = YES;
				CLANG_WARN_INT_CONVERSION = YES;
				CLANG_WARN_NON_LITERAL_NULL_CONVERSION = YES;
				CLANG_WARN_OBJC_IMPLICIT_RETAIN_SELF = YES;
				CLANG_WARN_OBJC_LITERAL_CONVERSION = YES;
				CLANG_WARN_OBJC_ROOT_CLASS = YES_ERROR;
				CLANG_WARN_QUOTED_INCLUDE_IN_FRAMEWORK_HEADER = YES;
				CLANG_WARN_RANGE_LOOP_ANALYSIS = YES;
				CLANG_WARN_STRICT_PROTOTYPES = YES;
				CLANG_WARN_SUSPICIOUS_MOVE = YES;
				CLANG_WARN_UNGUARDED_AVAILABILITY = YES_AGGRESSIVE;
				CLANG_WARN_UNREACHABLE_CODE = YES;
				CLANG_WARN__DUPLICATE_METHOD_MATCH = YES;
				COPY_PHASE_STRIP = NO;
				DEBUG_INFORMATION_FORMAT = dwarf;
				ENABLE_STRICT_OBJC_MSGSEND = YES;
				ENABLE_TESTABILITY = YES;
				ENABLE_USER_SCRIPT_SANDBOXING = YES;
				GCC_C_LANGUAGE_STANDARD = gnu17;
				GCC_DYNAMIC_NO_PIC = NO;
				GCC_NO_COMMON_BLOCKS = YES;
				GCC_OPTIMIZATION_LEVEL = 0;
				GCC_PREPROCESSOR_DEFINITIONS = (
					"DEBUG=1",
					"$(inherited)",
				);
				GCC_WARN_64_TO_32_BIT_CONVERSION = YES;
				GCC_WARN_ABOUT_RETURN_TYPE = YES_ERROR;
				GCC_WARN_UNDECLARED_SELECTOR = YES;
				GCC_WARN_UNINITIALIZED_AUTOS = YES_AGGRESSIVE;
				GCC_WARN_UNUSED_FUNCTION = YES;
				GCC_WARN_UNUSED_VARIABLE = YES;
				IPHONEOS_DEPLOYMENT_TARGET = 17.0;
				LOCALIZATION_PREFERS_STRING_CATALOGS = YES;
				MTL_ENABLE_DEBUG_INFO = INCLUDE_SOURCE;
				MTL_FAST_MATH = YES;
				ONLY_ACTIVE_ARCH = YES;
				SDKROOT = iphoneos;
				SWIFT_ACTIVE_COMPILATION_CONDITIONS = "DEBUG $(inherited)";
				SWIFT_OPTIMIZATION_LEVEL = "-Onone";
			};
			name = Debug;
		};
		28B1C73C2A83F9E9002A6148 /* Release */ = {
			isa = XCBuildConfiguration;
			buildSettings = {
				ALWAYS_SEARCH_USER_PATHS = NO;
				ASSETCATALOG_COMPILER_GENERATE_SWIFT_ASSET_SYMBOL_EXTENSIONS = YES;
				CLANG_ANALYZER_NONNULL = YES;
				CLANG_ANALYZER_NUMBER_OBJECT_CONVERSION = YES_AGGRESSIVE;
				CLANG_CXX_LANGUAGE_STANDARD = "gnu++20";
				CLANG_ENABLE_MODULES = YES;
				CLANG_ENABLE_OBJC_ARC = YES;
				CLANG_ENABLE_OBJC_WEAK = YES;
				CLANG_WARN_BLOCK_CAPTURE_AUTORELEASING = YES;
				CLANG_WARN_BOOL_CONVERSION = YES;
				CLANG_WARN_COMMA = YES;
				CLANG_WARN_CONSTANT_CONVERSION = YES;
				CLANG_WARN_DEPRECATED_OBJC_IMPLEMENTATIONS = YES;
				CLANG_WARN_DIRECT_OBJC_ISA_USAGE = YES_ERROR;
				CLANG_WARN_DOCUMENTATION_COMMENTS = YES;
				CLANG_WARN_EMPTY_BODY = YES;
				CLANG_WARN_ENUM_CONVERSION = YES;
				CLANG_WARN_INFINITE_RECURSION = YES;
				CLANG_WARN_INT_CONVERSION = YES;
				CLANG_WARN_NON_LITERAL_NULL_CONVERSION = YES;
				CLANG_WARN_OBJC_IMPLICIT_RETAIN_SELF = YES;
				CLANG_WARN_OBJC_LITERAL_CONVERSION = YES;
				CLANG_WARN_OBJC_ROOT_CLASS = YES_ERROR;
				CLANG_WARN_QUOTED_INCLUDE_IN_FRAMEWORK_HEADER = YES;
				CLANG_WARN_RANGE_LOOP_ANALYSIS = YES;
				CLANG_WARN_STRICT_PROTOTYPES = YES;
				CLANG_WARN_SUSPICIOUS_MOVE = YES;
				CLANG_WARN_UNGUARDED_AVAILABILITY = YES_AGGRESSIVE;
				CLANG_WARN_UNREACHABLE_CODE = YES;
				CLANG_WARN__DUPLICATE_METHOD_MATCH = YES;
				COPY_PHASE_STRIP = NO;
				DEBUG_INFORMATION_FORMAT = "dwarf-with-dsym";
				ENABLE_NS_ASSERTIONS = NO;
				ENABLE_STRICT_OBJC_MSGSEND = YES;
				ENABLE_USER_SCRIPT_SANDBOXING = YES;
				GCC_C_LANGUAGE_STANDARD = gnu17;
				GCC_NO_COMMON_BLOCKS = YES;
				GCC_WARN_64_TO_32_BIT_CONVERSION = YES;
				GCC_WARN_ABOUT_RETURN_TYPE = YES_ERROR;
				GCC_WARN_UNDECLARED_SELECTOR = YES;
				GCC_WARN_UNINITIALIZED_AUTOS = YES_AGGRESSIVE;
				GCC_WARN_UNUSED_FUNCTION = YES;
				GCC_WARN_UNUSED_VARIABLE = YES;
				IPHONEOS_DEPLOYMENT_TARGET = 17.0;
				LOCALIZATION_PREFERS_STRING_CATALOGS = YES;
				MTL_ENABLE_DEBUG_INFO = NO;
				MTL_FAST_MATH = YES;
				SDKROOT = iphoneos;
				SWIFT_COMPILATION_MODE = wholemodule;
				VALIDATE_PRODUCT = YES;
			};
			name = Release;
		};
		28B1C73E2A83F9E9002A6148 /* Debug */ = {
			isa = XCBuildConfiguration;
			buildSettings = {
				ASSETCATALOG_COMPILER_ALTERNATE_APPICON_NAMES = "AppIcon-Campfire AppIcon-Backpack AppIcon-Camera AppIcon-Mushroom AppIcon-Map AppIcon-MagnifyingGlass";
				ASSETCATALOG_COMPILER_APPICON_NAME = AppIcon;
				ASSETCATALOG_COMPILER_GLOBAL_ACCENT_COLOR_NAME = AccentColor;
				ASSETCATALOG_COMPILER_INCLUDE_ALL_APPICON_ASSETS = YES;
				CODE_SIGN_STYLE = Automatic;
				CURRENT_PROJECT_VERSION = 1;
				DEVELOPMENT_ASSET_PATHS = "\"Hike/Preview Content\"";
				DEVELOPMENT_TEAM = J5Q8DLLB55;
				ENABLE_PREVIEWS = YES;
				GENERATE_INFOPLIST_FILE = YES;
				INFOPLIST_FILE = Hike/Info.plist;
				INFOPLIST_KEY_UIApplicationSceneManifest_Generation = YES;
				INFOPLIST_KEY_UIApplicationSupportsIndirectInputEvents = YES;
				INFOPLIST_KEY_UISupportedInterfaceOrientations_iPad = "UIInterfaceOrientationPortrait UIInterfaceOrientationPortraitUpsideDown UIInterfaceOrientationLandscapeLeft UIInterfaceOrientationLandscapeRight";
				INFOPLIST_KEY_UISupportedInterfaceOrientations_iPhone = "UIInterfaceOrientationPortrait UIInterfaceOrientationLandscapeLeft UIInterfaceOrientationLandscapeRight";
				LD_RUNPATH_SEARCH_PATHS = (
					"$(inherited)",
					"@executable_path/Frameworks",
				);
				MARKETING_VERSION = 1.0;
				PRODUCT_BUNDLE_IDENTIFIER = theeaglesfan005.Hike;
				PRODUCT_NAME = "$(TARGET_NAME)";
				SWIFT_EMIT_LOC_STRINGS = YES;
				SWIFT_VERSION = 5.0;
				TARGETED_DEVICE_FAMILY = "1,2";
			};
			name = Debug;
		};
		28B1C73F2A83F9E9002A6148 /* Release */ = {
			isa = XCBuildConfiguration;
			buildSettings = {
				ASSETCATALOG_COMPILER_ALTERNATE_APPICON_NAMES = "AppIcon-Campfire AppIcon-Backpack AppIcon-Camera AppIcon-Mushroom AppIcon-Map AppIcon-MagnifyingGlass";
				ASSETCATALOG_COMPILER_APPICON_NAME = AppIcon;
				ASSETCATALOG_COMPILER_GLOBAL_ACCENT_COLOR_NAME = AccentColor;
				ASSETCATALOG_COMPILER_INCLUDE_ALL_APPICON_ASSETS = YES;
				CODE_SIGN_STYLE = Automatic;
				CURRENT_PROJECT_VERSION = 1;
				DEVELOPMENT_ASSET_PATHS = "\"Hike/Preview Content\"";
				DEVELOPMENT_TEAM = J5Q8DLLB55;
				ENABLE_PREVIEWS = YES;
				GENERATE_INFOPLIST_FILE = YES;
				INFOPLIST_FILE = Hike/Info.plist;
				INFOPLIST_KEY_UIApplicationSceneManifest_Generation = YES;
				INFOPLIST_KEY_UIApplicationSupportsIndirectInputEvents = YES;
				INFOPLIST_KEY_UISupportedInterfaceOrientations_iPad = "UIInterfaceOrientationPortrait UIInterfaceOrientationPortraitUpsideDown UIInterfaceOrientationLandscapeLeft UIInterfaceOrientationLandscapeRight";
				INFOPLIST_KEY_UISupportedInterfaceOrientations_iPhone = "UIInterfaceOrientationPortrait UIInterfaceOrientationLandscapeLeft UIInterfaceOrientationLandscapeRight";
				LD_RUNPATH_SEARCH_PATHS = (
					"$(inherited)",
					"@executable_path/Frameworks",
				);
				MARKETING_VERSION = 1.0;
				PRODUCT_BUNDLE_IDENTIFIER = theeaglesfan005.Hike;
				PRODUCT_NAME = "$(TARGET_NAME)";
				SWIFT_EMIT_LOC_STRINGS = YES;
				SWIFT_VERSION = 5.0;
				TARGETED_DEVICE_FAMILY = "1,2";
			};
			name = Release;
		};
/* End XCBuildConfiguration section */

/* Begin XCConfigurationList section */
		28B1C72A2A83F9E7002A6148 /* Build configuration list for PBXProject "Hike" */ = {
			isa = XCConfigurationList;
			buildConfigurations = (
				28B1C73B2A83F9E9002A6148 /* Debug */,
				28B1C73C2A83F9E9002A6148 /* Release */,
			);
			defaultConfigurationIsVisible = 0;
			defaultConfigurationName = Release;
		};
		28B1C73D2A83F9E9002A6148 /* Build configuration list for PBXNativeTarget "Hike" */ = {
			isa = XCConfigurationList;
			buildConfigurations = (
				28B1C73E2A83F9E9002A6148 /* Debug */,
				28B1C73F2A83F9E9002A6148 /* Release */,
			);
			defaultConfigurationIsVisible = 0;
			defaultConfigurationName = Release;
		};
/* End XCConfigurationList section */
	};
	rootObject = 28B1C7272A83F9E7002A6148 /* Project object */;
}
