// !$*UTF8*$!
{
	archiveVersion = 1;
	classes = {
	};
	objectVersion = 56;
	objects = {

/* Begin PBXBuildFile section */
		2815FB062A7D42F6003EDD47 /* FormRowStaticView.swift in Sources */ = {isa = PBXBuildFile; fileRef = 2815FB052A7D42F6003EDD47 /* FormRowStaticView.swift */; };
		281A5B2C2A7D47910005D958 /* FormRowLinkView.swift in Sources */ = {isa = PBXBuildFile; fileRef = 281A5B2B2A7D47910005D958 /* FormRowLinkView.swift */; };
		281A5B372A7D5E530005D958 /* Pink Light.png in Resources */ = {isa = PBXBuildFile; fileRef = 281A5B2E2A7D5E520005D958 /* Pink Light.png */; };
		281A5B382A7D5E530005D958 /* Green Dark.png in Resources */ = {isa = PBXBuildFile; fileRef = 281A5B2F2A7D5E520005D958 /* Green Dark.png */; };
		281A5B392A7D5E530005D958 /* Blue.png in Resources */ = {isa = PBXBuildFile; fileRef = 281A5B302A7D5E530005D958 /* Blue.png */; };
		281A5B3A2A7D5E530005D958 /* Blue Light.png in Resources */ = {isa = PBXBuildFile; fileRef = 281A5B312A7D5E530005D958 /* Blue Light.png */; };
		281A5B3B2A7D5E530005D958 /* Pink Dark.png in Resources */ = {isa = PBXBuildFile; fileRef = 281A5B322A7D5E530005D958 /* Pink Dark.png */; };
		281A5B3C2A7D5E530005D958 /* Pink.png in Resources */ = {isa = PBXBuildFile; fileRef = 281A5B332A7D5E530005D958 /* Pink.png */; };
		281A5B3D2A7D5E530005D958 /* Green Light.png in Resources */ = {isa = PBXBuildFile; fileRef = 281A5B342A7D5E530005D958 /* Green Light.png */; };
		281A5B3E2A7D5E530005D958 /* Blue Dark.png in Resources */ = {isa = PBXBuildFile; fileRef = 281A5B352A7D5E530005D958 /* Blue Dark.png */; };
		281A5B3F2A7D5E530005D958 /* Green.png in Resources */ = {isa = PBXBuildFile; fileRef = 281A5B362A7D5E530005D958 /* Green.png */; };
		2893DA442A7D863300100052 /* ThemeModel.swift in Sources */ = {isa = PBXBuildFile; fileRef = 2893DA432A7D863300100052 /* ThemeModel.swift */; };
		28C093722A7D28490073F590 /* EmptyListView.swift in Sources */ = {isa = PBXBuildFile; fileRef = 28C093712A7D28490073F590 /* EmptyListView.swift */; };
		28D91DB12A7C05C6009383B3 /* AddTodoView.swift in Sources */ = {isa = PBXBuildFile; fileRef = 28D91DB02A7C05C5009383B3 /* AddTodoView.swift */; };
		28DB0A262A7C050E0051C0E6 /* TODOApp.swift in Sources */ = {isa = PBXBuildFile; fileRef = 28DB0A252A7C050E0051C0E6 /* TODOApp.swift */; };
		28DB0A282A7C050E0051C0E6 /* ContentView.swift in Sources */ = {isa = PBXBuildFile; fileRef = 28DB0A272A7C050E0051C0E6 /* ContentView.swift */; };
		28DB0A2A2A7C05110051C0E6 /* Assets.xcassets in Resources */ = {isa = PBXBuildFile; fileRef = 28DB0A292A7C05110051C0E6 /* Assets.xcassets */; };
		28DB0A2D2A7C05110051C0E6 /* Preview Assets.xcassets in Resources */ = {isa = PBXBuildFile; fileRef = 28DB0A2C2A7C05110051C0E6 /* Preview Assets.xcassets */; };
		28DEEC0D2A7C1EED007B104F /* TODO.xcdatamodeld in Sources */ = {isa = PBXBuildFile; fileRef = 28DEEC0B2A7C1EED007B104F /* TODO.xcdatamodeld */; };
		28DEEC112A7C21EE007B104F /* Persistence.swift in Sources */ = {isa = PBXBuildFile; fileRef = 28DEEC102A7C21EE007B104F /* Persistence.swift */; };
		28E171A42A7D3BF200C7AA8F /* SettingsView.swift in Sources */ = {isa = PBXBuildFile; fileRef = 28E171A32A7D3BF200C7AA8F /* SettingsView.swift */; };
		28E64BD42A7D86BF003F83D7 /* ThemeSettings.swift in Sources */ = {isa = PBXBuildFile; fileRef = 28E64BD22A7D86BF003F83D7 /* ThemeSettings.swift */; };
		28E64BD52A7D86BF003F83D7 /* ThemeData.swift in Sources */ = {isa = PBXBuildFile; fileRef = 28E64BD32A7D86BF003F83D7 /* ThemeData.swift */; };
/* End PBXBuildFile section */

/* Begin PBXFileReference section */
		2815FB052A7D42F6003EDD47 /* FormRowStaticView.swift */ = {isa = PBXFileReference; fileEncoding = 4; lastKnownFileType = sourcecode.swift; path = FormRowStaticView.swift; sourceTree = "<group>"; };
		281A5B2B2A7D47910005D958 /* FormRowLinkView.swift */ = {isa = PBXFileReference; fileEncoding = 4; lastKnownFileType = sourcecode.swift; path = FormRowLinkView.swift; sourceTree = "<group>"; };
		281A5B2E2A7D5E520005D958 /* Pink Light.png */ = {isa = PBXFileReference; lastKnownFileType = image.png; path = "Pink Light.png"; sourceTree = "<group>"; };
		281A5B2F2A7D5E520005D958 /* Green Dark.png */ = {isa = PBXFileReference; lastKnownFileType = image.png; path = "Green Dark.png"; sourceTree = "<group>"; };
		281A5B302A7D5E530005D958 /* Blue.png */ = {isa = PBXFileReference; lastKnownFileType = image.png; path = Blue.png; sourceTree = "<group>"; };
		281A5B312A7D5E530005D958 /* Blue Light.png */ = {isa = PBXFileReference; lastKnownFileType = image.png; path = "Blue Light.png"; sourceTree = "<group>"; };
		281A5B322A7D5E530005D958 /* Pink Dark.png */ = {isa = PBXFileReference; lastKnownFileType = image.png; path = "Pink Dark.png"; sourceTree = "<group>"; };
		281A5B332A7D5E530005D958 /* Pink.png */ = {isa = PBXFileReference; lastKnownFileType = image.png; path = Pink.png; sourceTree = "<group>"; };
		281A5B342A7D5E530005D958 /* Green Light.png */ = {isa = PBXFileReference; lastKnownFileType = image.png; path = "Green Light.png"; sourceTree = "<group>"; };
		281A5B352A7D5E530005D958 /* Blue Dark.png */ = {isa = PBXFileReference; lastKnownFileType = image.png; path = "Blue Dark.png"; sourceTree = "<group>"; };
		281A5B362A7D5E530005D958 /* Green.png */ = {isa = PBXFileReference; lastKnownFileType = image.png; path = Green.png; sourceTree = "<group>"; };
		2893DA432A7D863300100052 /* ThemeModel.swift */ = {isa = PBXFileReference; fileEncoding = 4; lastKnownFileType = sourcecode.swift; path = ThemeModel.swift; sourceTree = "<group>"; };
		28C093702A7D271C0073F590 /* Info.plist */ = {isa = PBXFileReference; lastKnownFileType = text.plist; path = Info.plist; sourceTree = "<group>"; };
		28C093712A7D28490073F590 /* EmptyListView.swift */ = {isa = PBXFileReference; lastKnownFileType = sourcecode.swift; path = EmptyListView.swift; sourceTree = "<group>"; };
		28D91DB02A7C05C5009383B3 /* AddTodoView.swift */ = {isa = PBXFileReference; fileEncoding = 4; lastKnownFileType = sourcecode.swift; path = AddTodoView.swift; sourceTree = "<group>"; };
		28DB0A222A7C050E0051C0E6 /* TODO.app */ = {isa = PBXFileReference; explicitFileType = wrapper.application; includeInIndex = 0; path = TODO.app; sourceTree = BUILT_PRODUCTS_DIR; };
		28DB0A252A7C050E0051C0E6 /* TODOApp.swift */ = {isa = PBXFileReference; lastKnownFileType = sourcecode.swift; path = TODOApp.swift; sourceTree = "<group>"; };
		28DB0A272A7C050E0051C0E6 /* ContentView.swift */ = {isa = PBXFileReference; lastKnownFileType = sourcecode.swift; path = ContentView.swift; sourceTree = "<group>"; };
		28DB0A292A7C05110051C0E6 /* Assets.xcassets */ = {isa = PBXFileReference; lastKnownFileType = folder.assetcatalog; path = Assets.xcassets; sourceTree = "<group>"; };
		28DB0A2C2A7C05110051C0E6 /* Preview Assets.xcassets */ = {isa = PBXFileReference; lastKnownFileType = folder.assetcatalog; path = "Preview Assets.xcassets"; sourceTree = "<group>"; };
		28DEEC0C2A7C1EED007B104F /* TODO.xcdatamodel */ = {isa = PBXFileReference; lastKnownFileType = wrapper.xcdatamodel; path = TODO.xcdatamodel; sourceTree = "<group>"; };
		28DEEC102A7C21EE007B104F /* Persistence.swift */ = {isa = PBXFileReference; fileEncoding = 4; lastKnownFileType = sourcecode.swift; path = Persistence.swift; sourceTree = "<group>"; };
		28E171A32A7D3BF200C7AA8F /* SettingsView.swift */ = {isa = PBXFileReference; fileEncoding = 4; lastKnownFileType = sourcecode.swift; path = SettingsView.swift; sourceTree = "<group>"; };
		28E64BD22A7D86BF003F83D7 /* ThemeSettings.swift */ = {isa = PBXFileReference; fileEncoding = 4; lastKnownFileType = sourcecode.swift; path = ThemeSettings.swift; sourceTree = "<group>"; };
		28E64BD32A7D86BF003F83D7 /* ThemeData.swift */ = {isa = PBXFileReference; fileEncoding = 4; lastKnownFileType = sourcecode.swift; path = ThemeData.swift; sourceTree = "<group>"; };
/* End PBXFileReference section */

/* Begin PBXFrameworksBuildPhase section */
		28DB0A1F2A7C050E0051C0E6 /* Frameworks */ = {
			isa = PBXFrameworksBuildPhase;
			buildActionMask = 2147483647;
			files = (
			);
			runOnlyForDeploymentPostprocessing = 0;
		};
/* End PBXFrameworksBuildPhase section */

/* Begin PBXGroup section */
		281A5B2D2A7D5DFB0005D958 /* Icons */ = {
			isa = PBXGroup;
			children = (
				281A5B352A7D5E530005D958 /* Blue Dark.png */,
				281A5B312A7D5E530005D958 /* Blue Light.png */,
				281A5B302A7D5E530005D958 /* Blue.png */,
				281A5B2F2A7D5E520005D958 /* Green Dark.png */,
				281A5B342A7D5E530005D958 /* Green Light.png */,
				281A5B362A7D5E530005D958 /* Green.png */,
				281A5B322A7D5E530005D958 /* Pink Dark.png */,
				281A5B2E2A7D5E520005D958 /* Pink Light.png */,
				281A5B332A7D5E530005D958 /* Pink.png */,
			);
			path = Icons;
			sourceTree = "<group>";
		};
		28D5A5D72A7D85F3007D3DA2 /* Theme */ = {
			isa = PBXGroup;
			children = (
				28E64BD32A7D86BF003F83D7 /* ThemeData.swift */,
				28E64BD22A7D86BF003F83D7 /* ThemeSettings.swift */,
				2893DA432A7D863300100052 /* ThemeModel.swift */,
			);
			path = Theme;
			sourceTree = "<group>";
		};
		28DB0A192A7C050E0051C0E6 = {
			isa = PBXGroup;
			children = (
				28DB0A242A7C050E0051C0E6 /* TODO */,
				28DB0A232A7C050E0051C0E6 /* Products */,
			);
			sourceTree = "<group>";
		};
		28DB0A232A7C050E0051C0E6 /* Products */ = {
			isa = PBXGroup;
			children = (
				28DB0A222A7C050E0051C0E6 /* TODO.app */,
			);
			name = Products;
			sourceTree = "<group>";
		};
		28DB0A242A7C050E0051C0E6 /* TODO */ = {
			isa = PBXGroup;
			children = (
				28D5A5D72A7D85F3007D3DA2 /* Theme */,
				281A5B2D2A7D5DFB0005D958 /* Icons */,
				28C093702A7D271C0073F590 /* Info.plist */,
				28DB0A252A7C050E0051C0E6 /* TODOApp.swift */,
				28DB0A382A7C05870051C0E6 /* View */,
				28DEEC0B2A7C1EED007B104F /* TODO.xcdatamodeld */,
				28DEEC102A7C21EE007B104F /* Persistence.swift */,
				28DB0A292A7C05110051C0E6 /* Assets.xcassets */,
				28DB0A2B2A7C05110051C0E6 /* Preview Content */,
			);
			path = TODO;
			sourceTree = "<group>";
		};
		28DB0A2B2A7C05110051C0E6 /* Preview Content */ = {
			isa = PBXGroup;
			children = (
				28DB0A2C2A7C05110051C0E6 /* Preview Assets.xcassets */,
			);
			path = "Preview Content";
			sourceTree = "<group>";
		};
		28DB0A382A7C05870051C0E6 /* View */ = {
			isa = PBXGroup;
			children = (
				281A5B2B2A7D47910005D958 /* FormRowLinkView.swift */,
				2815FB052A7D42F6003EDD47 /* FormRowStaticView.swift */,
				28E171A32A7D3BF200C7AA8F /* SettingsView.swift */,
				28D91DB02A7C05C5009383B3 /* AddTodoView.swift */,
				28DB0A272A7C050E0051C0E6 /* ContentView.swift */,
				28C093712A7D28490073F590 /* EmptyListView.swift */,
			);
			path = View;
			sourceTree = "<group>";
		};
/* End PBXGroup section */

/* Begin PBXNativeTarget section */
		28DB0A212A7C050E0051C0E6 /* TODO */ = {
			isa = PBXNativeTarget;
			buildConfigurationList = 28DB0A352A7C05110051C0E6 /* Build configuration list for PBXNativeTarget "TODO" */;
			buildPhases = (
				28DB0A1E2A7C050E0051C0E6 /* Sources */,
				28DB0A1F2A7C050E0051C0E6 /* Frameworks */,
				28DB0A202A7C050E0051C0E6 /* Resources */,
			);
			buildRules = (
			);
			dependencies = (
			);
			name = TODO;
			productName = TODO;
			productReference = 28DB0A222A7C050E0051C0E6 /* TODO.app */;
			productType = "com.apple.product-type.application";
		};
/* End PBXNativeTarget section */

/* Begin PBXProject section */
		28DB0A1A2A7C050E0051C0E6 /* Project object */ = {
			isa = PBXProject;
			attributes = {
				BuildIndependentTargetsInParallel = 1;
				LastSwiftUpdateCheck = 1500;
				LastUpgradeCheck = 1500;
				TargetAttributes = {
					28DB0A212A7C050E0051C0E6 = {
						CreatedOnToolsVersion = 15.0;
					};
				};
			};
			buildConfigurationList = 28DB0A1D2A7C050E0051C0E6 /* Build configuration list for PBXProject "TODO" */;
			compatibilityVersion = "Xcode 14.0";
			developmentRegion = en;
			hasScannedForEncodings = 0;
			knownRegions = (
				en,
				Base,
			);
			mainGroup = 28DB0A192A7C050E0051C0E6;
			productRefGroup = 28DB0A232A7C050E0051C0E6 /* Products */;
			projectDirPath = "";
			projectRoot = "";
			targets = (
				28DB0A212A7C050E0051C0E6 /* TODO */,
			);
		};
/* End PBXProject section */

/* Begin PBXResourcesBuildPhase section */
		28DB0A202A7C050E0051C0E6 /* Resources */ = {
			isa = PBXResourcesBuildPhase;
			buildActionMask = 2147483647;
			files = (
				281A5B3D2A7D5E530005D958 /* Green Light.png in Resources */,
				281A5B382A7D5E530005D958 /* Green Dark.png in Resources */,
				281A5B3B2A7D5E530005D958 /* Pink Dark.png in Resources */,
				281A5B3F2A7D5E530005D958 /* Green.png in Resources */,
				28DB0A2D2A7C05110051C0E6 /* Preview Assets.xcassets in Resources */,
				281A5B3E2A7D5E530005D958 /* Blue Dark.png in Resources */,
				281A5B392A7D5E530005D958 /* Blue.png in Resources */,
				281A5B3A2A7D5E530005D958 /* Blue Light.png in Resources */,
				281A5B3C2A7D5E530005D958 /* Pink.png in Resources */,
				28DB0A2A2A7C05110051C0E6 /* Assets.xcassets in Resources */,
				281A5B372A7D5E530005D958 /* Pink Light.png in Resources */,
			);
			runOnlyForDeploymentPostprocessing = 0;
		};
/* End PBXResourcesBuildPhase section */

/* Begin PBXSourcesBuildPhase section */
		28DB0A1E2A7C050E0051C0E6 /* Sources */ = {
			isa = PBXSourcesBuildPhase;
			buildActionMask = 2147483647;
			files = (
				28E171A42A7D3BF200C7AA8F /* SettingsView.swift in Sources */,
				2815FB062A7D42F6003EDD47 /* FormRowStaticView.swift in Sources */,
				281A5B2C2A7D47910005D958 /* FormRowLinkView.swift in Sources */,
				28E64BD52A7D86BF003F83D7 /* ThemeData.swift in Sources */,
				28E64BD42A7D86BF003F83D7 /* ThemeSettings.swift in Sources */,
				28DB0A282A7C050E0051C0E6 /* ContentView.swift in Sources */,
				28DB0A262A7C050E0051C0E6 /* TODOApp.swift in Sources */,
				28C093722A7D28490073F590 /* EmptyListView.swift in Sources */,
				28D91DB12A7C05C6009383B3 /* AddTodoView.swift in Sources */,
				2893DA442A7D863300100052 /* ThemeModel.swift in Sources */,
				28DEEC0D2A7C1EED007B104F /* TODO.xcdatamodeld in Sources */,
				28DEEC112A7C21EE007B104F /* Persistence.swift in Sources */,
			);
			runOnlyForDeploymentPostprocessing = 0;
		};
/* End PBXSourcesBuildPhase section */

/* Begin XCBuildConfiguration section */
		28DB0A332A7C05110051C0E6 /* Debug */ = {
			isa = XCBuildConfiguration;
			buildSettings = {
				ALWAYS_SEARCH_USER_PATHS = NO;
				ASSETCATALOG_COMPILER_GENERATE_SWIFT_ASSET_SYMBOL_EXTENSIONS = YES;
				CLANG_ANALYZER_NONNULL = YES;
				CLANG_ANALYZER_NUMBER_OBJECT_CONVERSION = YES_AGGRESSIVE;
				CLANG_CXX_LANGUAGE_STANDARD = "gnu++20";
				CLANG_ENABLE_MODULES = YES;
				CLANG_ENABLE_OBJC_ARC = YES;
				CLANG_ENABLE_OBJC_WEAK = YES;
				CLANG_WARN_BLOCK_CAPTURE_AUTORELEASING = YES;
				CLANG_WARN_BOOL_CONVERSION = YES;
				CLANG_WARN_COMMA = YES;
				CLANG_WARN_CONSTANT_CONVERSION = YES;
				CLANG_WARN_DEPRECATED_OBJC_IMPLEMENTATIONS = YES;
				CLANG_WARN_DIRECT_OBJC_ISA_USAGE = YES_ERROR;
				CLANG_WARN_DOCUMENTATION_COMMENTS = YES;
				CLANG_WARN_EMPTY_BODY = YES;
				CLANG_WARN_ENUM_CONVERSION = YES;
				CLANG_WARN_INFINITE_RECURSION = YES;
				CLANG_WARN_INT_CONVERSION = YES;
				CLANG_WARN_NON_LITERAL_NULL_CONVERSION = YES;
				CLANG_WARN_OBJC_IMPLICIT_RETAIN_SELF = YES;
				CLANG_WARN_OBJC_LITERAL_CONVERSION = YES;
				CLANG_WARN_OBJC_ROOT_CLASS = YES_ERROR;
				CLANG_WARN_QUOTED_INCLUDE_IN_FRAMEWORK_HEADER = YES;
				CLANG_WARN_RANGE_LOOP_ANALYSIS = YES;
				CLANG_WARN_STRICT_PROTOTYPES = YES;
				CLANG_WARN_SUSPICIOUS_MOVE = YES;
				CLANG_WARN_UNGUARDED_AVAILABILITY = YES_AGGRESSIVE;
				CLANG_WARN_UNREACHABLE_CODE = YES;
				CLANG_WARN__DUPLICATE_METHOD_MATCH = YES;
				COPY_PHASE_STRIP = NO;
				DEBUG_INFORMATION_FORMAT = dwarf;
				ENABLE_STRICT_OBJC_MSGSEND = YES;
				ENABLE_TESTABILITY = YES;
				ENABLE_USER_SCRIPT_SANDBOXING = YES;
				GCC_C_LANGUAGE_STANDARD = gnu17;
				GCC_DYNAMIC_NO_PIC = NO;
				GCC_NO_COMMON_BLOCKS = YES;
				GCC_OPTIMIZATION_LEVEL = 0;
				GCC_PREPROCESSOR_DEFINITIONS = (
					"DEBUG=1",
					"$(inherited)",
				);
				GCC_WARN_64_TO_32_BIT_CONVERSION = YES;
				GCC_WARN_ABOUT_RETURN_TYPE = YES_ERROR;
				GCC_WARN_UNDECLARED_SELECTOR = YES;
				GCC_WARN_UNINITIALIZED_AUTOS = YES_AGGRESSIVE;
				GCC_WARN_UNUSED_FUNCTION = YES;
				GCC_WARN_UNUSED_VARIABLE = YES;
				IPHONEOS_DEPLOYMENT_TARGET = 17.0;
				LOCALIZATION_PREFERS_STRING_CATALOGS = YES;
				MTL_ENABLE_DEBUG_INFO = INCLUDE_SOURCE;
				MTL_FAST_MATH = YES;
				ONLY_ACTIVE_ARCH = YES;
				SDKROOT = iphoneos;
				SWIFT_ACTIVE_COMPILATION_CONDITIONS = "DEBUG $(inherited)";
				SWIFT_OPTIMIZATION_LEVEL = "-Onone";
			};
			name = Debug;
		};
		28DB0A342A7C05110051C0E6 /* Release */ = {
			isa = XCBuildConfiguration;
			buildSettings = {
				ALWAYS_SEARCH_USER_PATHS = NO;
				ASSETCATALOG_COMPILER_GENERATE_SWIFT_ASSET_SYMBOL_EXTENSIONS = YES;
				CLANG_ANALYZER_NONNULL = YES;
				CLANG_ANALYZER_NUMBER_OBJECT_CONVERSION = YES_AGGRESSIVE;
				CLANG_CXX_LANGUAGE_STANDARD = "gnu++20";
				CLANG_ENABLE_MODULES = YES;
				CLANG_ENABLE_OBJC_ARC = YES;
				CLANG_ENABLE_OBJC_WEAK = YES;
				CLANG_WARN_BLOCK_CAPTURE_AUTORELEASING = YES;
				CLANG_WARN_BOOL_CONVERSION = YES;
				CLANG_WARN_COMMA = YES;
				CLANG_WARN_CONSTANT_CONVERSION = YES;
				CLANG_WARN_DEPRECATED_OBJC_IMPLEMENTATIONS = YES;
				CLANG_WARN_DIRECT_OBJC_ISA_USAGE = YES_ERROR;
				CLANG_WARN_DOCUMENTATION_COMMENTS = YES;
				CLANG_WARN_EMPTY_BODY = YES;
				CLANG_WARN_ENUM_CONVERSION = YES;
				CLANG_WARN_INFINITE_RECURSION = YES;
				CLANG_WARN_INT_CONVERSION = YES;
				CLANG_WARN_NON_LITERAL_NULL_CONVERSION = YES;
				CLANG_WARN_OBJC_IMPLICIT_RETAIN_SELF = YES;
				CLANG_WARN_OBJC_LITERAL_CONVERSION = YES;
				CLANG_WARN_OBJC_ROOT_CLASS = YES_ERROR;
				CLANG_WARN_QUOTED_INCLUDE_IN_FRAMEWORK_HEADER = YES;
				CLANG_WARN_RANGE_LOOP_ANALYSIS = YES;
				CLANG_WARN_STRICT_PROTOTYPES = YES;
				CLANG_WARN_SUSPICIOUS_MOVE = YES;
				CLANG_WARN_UNGUARDED_AVAILABILITY = YES_AGGRESSIVE;
				CLANG_WARN_UNREACHABLE_CODE = YES;
				CLANG_WARN__DUPLICATE_METHOD_MATCH = YES;
				COPY_PHASE_STRIP = NO;
				DEBUG_INFORMATION_FORMAT = "dwarf-with-dsym";
				ENABLE_NS_ASSERTIONS = NO;
				ENABLE_STRICT_OBJC_MSGSEND = YES;
				ENABLE_USER_SCRIPT_SANDBOXING = YES;
				GCC_C_LANGUAGE_STANDARD = gnu17;
				GCC_NO_COMMON_BLOCKS = YES;
				GCC_WARN_64_TO_32_BIT_CONVERSION = YES;
				GCC_WARN_ABOUT_RETURN_TYPE = YES_ERROR;
				GCC_WARN_UNDECLARED_SELECTOR = YES;
				GCC_WARN_UNINITIALIZED_AUTOS = YES_AGGRESSIVE;
				GCC_WARN_UNUSED_FUNCTION = YES;
				GCC_WARN_UNUSED_VARIABLE = YES;
				IPHONEOS_DEPLOYMENT_TARGET = 17.0;
				LOCALIZATION_PREFERS_STRING_CATALOGS = YES;
				MTL_ENABLE_DEBUG_INFO = NO;
				MTL_FAST_MATH = YES;
				SDKROOT = iphoneos;
				SWIFT_COMPILATION_MODE = wholemodule;
				VALIDATE_PRODUCT = YES;
			};
			name = Release;
		};
		28DB0A362A7C05110051C0E6 /* Debug */ = {
			isa = XCBuildConfiguration;
			buildSettings = {
				ASSETCATALOG_COMPILER_APPICON_NAME = AppIcon;
				ASSETCATALOG_COMPILER_GLOBAL_ACCENT_COLOR_NAME = AccentColor;
				CODE_SIGN_STYLE = Automatic;
				CURRENT_PROJECT_VERSION = 1;
				DEVELOPMENT_ASSET_PATHS = "\"TODO/Preview Content\"";
				DEVELOPMENT_TEAM = J5Q8DLLB55;
				ENABLE_PREVIEWS = YES;
				GENERATE_INFOPLIST_FILE = YES;
				INFOPLIST_FILE = TODO/Info.plist;
				INFOPLIST_KEY_UIApplicationSceneManifest_Generation = YES;
				INFOPLIST_KEY_UIApplicationSupportsIndirectInputEvents = YES;
				INFOPLIST_KEY_UISupportedInterfaceOrientations = UIInterfaceOrientationPortrait;
				INFOPLIST_KEY_UISupportedInterfaceOrientations_iPad = "UIInterfaceOrientationPortrait UIInterfaceOrientationPortraitUpsideDown";
				LD_RUNPATH_SEARCH_PATHS = (
					"$(inherited)",
					"@executable_path/Frameworks",
				);
				MARKETING_VERSION = 1.0;
				PRODUCT_BUNDLE_IDENTIFIER = theeaglesfan005.TODO;
				PRODUCT_NAME = "$(TARGET_NAME)";
				SWIFT_EMIT_LOC_STRINGS = YES;
				SWIFT_VERSION = 5.0;
				TARGETED_DEVICE_FAMILY = "1,2";
			};
			name = Debug;
		};
		28DB0A372A7C05110051C0E6 /* Release */ = {
			isa = XCBuildConfiguration;
			buildSettings = {
				ASSETCATALOG_COMPILER_APPICON_NAME = AppIcon;
				ASSETCATALOG_COMPILER_GLOBAL_ACCENT_COLOR_NAME = AccentColor;
				CODE_SIGN_STYLE = Automatic;
				CURRENT_PROJECT_VERSION = 1;
				DEVELOPMENT_ASSET_PATHS = "\"TODO/Preview Content\"";
				DEVELOPMENT_TEAM = J5Q8DLLB55;
				ENABLE_PREVIEWS = YES;
				GENERATE_INFOPLIST_FILE = YES;
				INFOPLIST_FILE = TODO/Info.plist;
				INFOPLIST_KEY_UIApplicationSceneManifest_Generation = YES;
				INFOPLIST_KEY_UIApplicationSupportsIndirectInputEvents = YES;
				INFOPLIST_KEY_UISupportedInterfaceOrientations = UIInterfaceOrientationPortrait;
				INFOPLIST_KEY_UISupportedInterfaceOrientations_iPad = "UIInterfaceOrientationPortrait UIInterfaceOrientationPortraitUpsideDown";
				LD_RUNPATH_SEARCH_PATHS = (
					"$(inherited)",
					"@executable_path/Frameworks",
				);
				MARKETING_VERSION = 1.0;
				PRODUCT_BUNDLE_IDENTIFIER = theeaglesfan005.TODO;
				PRODUCT_NAME = "$(TARGET_NAME)";
				SWIFT_EMIT_LOC_STRINGS = YES;
				SWIFT_VERSION = 5.0;
				TARGETED_DEVICE_FAMILY = "1,2";
			};
			name = Release;
		};
/* End XCBuildConfiguration section */

/* Begin XCConfigurationList section */
		28DB0A1D2A7C050E0051C0E6 /* Build configuration list for PBXProject "TODO" */ = {
			isa = XCConfigurationList;
			buildConfigurations = (
				28DB0A332A7C05110051C0E6 /* Debug */,
				28DB0A342A7C05110051C0E6 /* Release */,
			);
			defaultConfigurationIsVisible = 0;
			defaultConfigurationName = Release;
		};
		28DB0A352A7C05110051C0E6 /* Build configuration list for PBXNativeTarget "TODO" */ = {
			isa = XCConfigurationList;
			buildConfigurations = (
				28DB0A362A7C05110051C0E6 /* Debug */,
				28DB0A372A7C05110051C0E6 /* Release */,
			);
			defaultConfigurationIsVisible = 0;
			defaultConfigurationName = Release;
		};
/* End XCConfigurationList section */

/* Begin XCVersionGroup section */
		28DEEC0B2A7C1EED007B104F /* TODO.xcdatamodeld */ = {
			isa = XCVersionGroup;
			children = (
				28DEEC0C2A7C1EED007B104F /* TODO.xcdatamodel */,
			);
			currentVersion = 28DEEC0C2A7C1EED007B104F /* TODO.xcdatamodel */;
			path = TODO.xcdatamodeld;
			sourceTree = "<group>";
			versionGroupType = wrapper.xcdatamodel;
		};
/* End XCVersionGroup section */
	};
	rootObject = 28DB0A1A2A7C050E0051C0E6 /* Project object */;
}
